{
  "name": "pullfromphone",
  "version": "1.0.0",
  "lockfileVersion": 1,
  "requires": true,
  "dependencies": {
    "std-pour": {
      "version": "1.1.0",
      "resolved": "https://registry.nlark.com/std-pour/download/std-pour-1.1.0.tgz",
      "integrity": "sha1-EQKd2I3OzjOWFtK/hsHA+oiL6oI=",
      "dev": true
    }
  }
}
